
Microsoft Visual Studio Solution File, Format Version 12.00
# Visual Studio Version 17
VisualStudioVersion = 17.10.35013.160
MinimumVisualStudioVersion = 10.0.40219.1
Project("{FAE04EC0-301F-11D3-BF4B-00C04F79EFBC}") = "Hieu", "Hieu\Hieu.csproj", "{AFFEBF36-626A-40EA-9F78-B79913D8D232}"
EndProject
Global
	GlobalSection(SolutionConfigurationPlatforms) = preSolution
		Debug|Any CPU = Debug|Any CPU
		Release|Any CPU = Release|Any CPU
	EndGlobalSection
	GlobalSection(ProjectConfigurationPlatforms) = postSolution
		{AFFEBF36-626A-40EA-9F78-B79913D8D232}.Debug|Any CPU.ActiveCfg = Debug|Any CPU
		{AFFEBF36-626A-40EA-9F78-B79913D8D232}.Debug|Any CPU.Build.0 = Debug|Any CPU
		{AFFEBF36-626A-40EA-9F78-B79913D8D232}.Release|Any CPU.ActiveCfg = Release|Any CPU
		{AFFEBF36-626A-40EA-9F78-B79913D8D232}.Release|Any CPU.Build.0 = Release|Any CPU
	EndGlobalSection
	GlobalSection(SolutionProperties) = preSolution
		HideSolutionNode = FALSE
	EndGlobalSection
	GlobalSection(ExtensibilityGlobals) = postSolution
		SolutionGuid = {2945F3F2-CF94-4E5D-A6A3-4E4D4FCE757A}
	EndGlobalSection
EndGlobal
